
Microsoft Visual Studio Solution File, Format Version 12.00
# Visual Studio 15
VisualStudioVersion = 15.0.27428.2037
MinimumVisualStudioVersion = 10.0.40219.1
Project("{9A19103F-16F7-4668-BE54-9A1E7A4F7556}") = "FYP", "FYP.csproj", "{372397A0-AC4D-4CAA-A152-CB8DFCAAD684}"
EndProject
Global
	GlobalSection(SolutionConfigurationPlatforms) = preSolution
		Debug|Any CPU = Debug|Any CPU
		Release|Any CPU = Release|Any CPU
	EndGlobalSection
	GlobalSection(ProjectConfigurationPlatforms) = postSolution
		{372397A0-AC4D-4CAA-A152-CB8DFCAAD684}.Debug|Any CPU.ActiveCfg = Debug|Any CPU
		{372397A0-AC4D-4CAA-A152-CB8DFCAAD684}.Debug|Any CPU.Build.0 = Debug|Any CPU
		{372397A0-AC4D-4CAA-A152-CB8DFCAAD684}.Release|Any CPU.ActiveCfg = Release|Any CPU
		{372397A0-AC4D-4CAA-A152-CB8DFCAAD684}.Release|Any CPU.Build.0 = Release|Any CPU
	EndGlobalSection
	GlobalSection(SolutionProperties) = preSolution
		HideSolutionNode = FALSE
	EndGlobalSection
	GlobalSection(ExtensibilityGlobals) = postSolution
		SolutionGuid = {DC4D921C-2B93-40DE-8F6C-01C67CB82A04}
	EndGlobalSection
EndGlobal
